// !$*UTF8*$!
{
	archiveVersion = 1;
	classes = {
	};
	objectVersion = 46;
	objects = {

/* Begin PBXBuildFile section */
		B91232061F036F3D0021A078 /* HomeViewController.swift in Sources */ = {isa = PBXBuildFile; fileRef = B91232051F036F3D0021A078 /* HomeViewController.swift */; };
		B91232081F038DAA0021A078 /* HomeHeader.swift in Sources */ = {isa = PBXBuildFile; fileRef = B91232071F038DAA0021A078 /* HomeHeader.swift */; };
		B913CE931F00A4AF00916D40 /* Main.storyboard in Resources */ = {isa = PBXBuildFile; fileRef = B913CE911F00A4AF00916D40 /* Main.storyboard */; };
		B913CE951F00A4AF00916D40 /* Assets.xcassets in Resources */ = {isa = PBXBuildFile; fileRef = B913CE941F00A4AF00916D40 /* Assets.xcassets */; };
		B913CE981F00A4AF00916D40 /* LaunchScreen.storyboard in Resources */ = {isa = PBXBuildFile; fileRef = B913CE961F00A4AF00916D40 /* LaunchScreen.storyboard */; };
		B913CEA31F00A4AF00916D40 /* DuyogTests.swift in Sources */ = {isa = PBXBuildFile; fileRef = B913CEA21F00A4AF00916D40 /* DuyogTests.swift */; };
		B913CEAE1F00A4AF00916D40 /* DuyogUITests.swift in Sources */ = {isa = PBXBuildFile; fileRef = B913CEAD1F00A4AF00916D40 /* DuyogUITests.swift */; };
		B95C9E401F01F76A00A5D6CB /* InitialViewController.swift in Sources */ = {isa = PBXBuildFile; fileRef = B95C9E3F1F01F76A00A5D6CB /* InitialViewController.swift */; };
		B95C9E421F01F9DC00A5D6CB /* SignInInputView.swift in Sources */ = {isa = PBXBuildFile; fileRef = B95C9E411F01F9DC00A5D6CB /* SignInInputView.swift */; };
		B95C9E441F02003E00A5D6CB /* SignUpInputView.swift in Sources */ = {isa = PBXBuildFile; fileRef = B95C9E431F02003E00A5D6CB /* SignUpInputView.swift */; };
		B95C9E461F02034000A5D6CB /* PasswordResetInputView.swift in Sources */ = {isa = PBXBuildFile; fileRef = B95C9E451F02034000A5D6CB /* PasswordResetInputView.swift */; };
		B95C9E481F020B7600A5D6CB /* InitialAnimator.swift in Sources */ = {isa = PBXBuildFile; fileRef = B95C9E471F020B7600A5D6CB /* InitialAnimator.swift */; };
		B95C9E4A1F021DF800A5D6CB /* KeyboardObserverProtocol.swift in Sources */ = {isa = PBXBuildFile; fileRef = B95C9E491F021DF800A5D6CB /* KeyboardObserverProtocol.swift */; };
		B95C9E4C1F022DC100A5D6CB /* InitialKeyboardObserverHandler.swift in Sources */ = {isa = PBXBuildFile; fileRef = B95C9E4B1F022DC100A5D6CB /* InitialKeyboardObserverHandler.swift */; };
		B96CA5111F00AA65007422A7 /* AppDelegate.swift in Sources */ = {isa = PBXBuildFile; fileRef = B96CA5101F00AA65007422A7 /* AppDelegate.swift */; };
		B96CA5171F00AAF5007422A7 /* SignInViewController.swift in Sources */ = {isa = PBXBuildFile; fileRef = B96CA5161F00AAF5007422A7 /* SignInViewController.swift */; };
		B96CA51A1F00AF4E007422A7 /* UITheme.swift in Sources */ = {isa = PBXBuildFile; fileRef = B96CA5191F00AF4E007422A7 /* UITheme.swift */; };
		B96CA51C1F00B5B7007422A7 /* GradientView.swift in Sources */ = {isa = PBXBuildFile; fileRef = B96CA51B1F00B5B7007422A7 /* GradientView.swift */; };
		B96CA5281F00D30F007422A7 /* OpenSans-Bold.ttf in Resources */ = {isa = PBXBuildFile; fileRef = B96CA51E1F00D30F007422A7 /* OpenSans-Bold.ttf */; };
		B96CA5291F00D30F007422A7 /* OpenSans-BoldItalic.ttf in Resources */ = {isa = PBXBuildFile; fileRef = B96CA51F1F00D30F007422A7 /* OpenSans-BoldItalic.ttf */; };
		B96CA52A1F00D30F007422A7 /* OpenSans-ExtraBold.ttf in Resources */ = {isa = PBXBuildFile; fileRef = B96CA5201F00D30F007422A7 /* OpenSans-ExtraBold.ttf */; };
		B96CA52B1F00D30F007422A7 /* OpenSans-ExtraBoldItalic.ttf in Resources */ = {isa = PBXBuildFile; fileRef = B96CA5211F00D30F007422A7 /* OpenSans-ExtraBoldItalic.ttf */; };
		B96CA52C1F00D30F007422A7 /* OpenSans-Italic.ttf in Resources */ = {isa = PBXBuildFile; fileRef = B96CA5221F00D30F007422A7 /* OpenSans-Italic.ttf */; };
		B96CA52D1F00D30F007422A7 /* OpenSans-Light.ttf in Resources */ = {isa = PBXBuildFile; fileRef = B96CA5231F00D30F007422A7 /* OpenSans-Light.ttf */; };
		B96CA52E1F00D30F007422A7 /* OpenSans-LightItalic.ttf in Resources */ = {isa = PBXBuildFile; fileRef = B96CA5241F00D30F007422A7 /* OpenSans-LightItalic.ttf */; };
		B96CA52F1F00D30F007422A7 /* OpenSans-Regular.ttf in Resources */ = {isa = PBXBuildFile; fileRef = B96CA5251F00D30F007422A7 /* OpenSans-Regular.ttf */; };
		B96CA5301F00D30F007422A7 /* OpenSans-Semibold.ttf in Resources */ = {isa = PBXBuildFile; fileRef = B96CA5261F00D30F007422A7 /* OpenSans-Semibold.ttf */; };
		B96CA5311F00D30F007422A7 /* OpenSans-SemiboldItalic.ttf in Resources */ = {isa = PBXBuildFile; fileRef = B96CA5271F00D30F007422A7 /* OpenSans-SemiboldItalic.ttf */; };
		B96CA5341F00EB38007422A7 /* SignUpViewController.swift in Sources */ = {isa = PBXBuildFile; fileRef = B96CA5331F00EB38007422A7 /* SignUpViewController.swift */; };
		B96CA5371F00F01A007422A7 /* PasswordResetViewController.swift in Sources */ = {isa = PBXBuildFile; fileRef = B96CA5361F00F01A007422A7 /* PasswordResetViewController.swift */; };
/* End PBXBuildFile section */

/* Begin PBXContainerItemProxy section */
		B913CE9F1F00A4AF00916D40 /* PBXContainerItemProxy */ = {
			isa = PBXContainerItemProxy;
			containerPortal = B913CE821F00A4AF00916D40 /* Project object */;
			proxyType = 1;
			remoteGlobalIDString = B913CE891F00A4AF00916D40;
			remoteInfo = Duyog;
		};
		B913CEAA1F00A4AF00916D40 /* PBXContainerItemProxy */ = {
			isa = PBXContainerItemProxy;
			containerPortal = B913CE821F00A4AF00916D40 /* Project object */;
			proxyType = 1;
			remoteGlobalIDString = B913CE891F00A4AF00916D40;
			remoteInfo = Duyog;
		};
/* End PBXContainerItemProxy section */

/* Begin PBXFileReference section */
		B91232051F036F3D0021A078 /* HomeViewController.swift */ = {isa = PBXFileReference; fileEncoding = 4; lastKnownFileType = sourcecode.swift; path = HomeViewController.swift; sourceTree = "<group>"; };
		B91232071F038DAA0021A078 /* HomeHeader.swift */ = {isa = PBXFileReference; fileEncoding = 4; lastKnownFileType = sourcecode.swift; path = HomeHeader.swift; sourceTree = "<group>"; };
		B913CE8A1F00A4AF00916D40 /* Duyog.app */ = {isa = PBXFileReference; explicitFileType = wrapper.application; includeInIndex = 0; path = Duyog.app; sourceTree = BUILT_PRODUCTS_DIR; };
		B913CE921F00A4AF00916D40 /* Base */ = {isa = PBXFileReference; lastKnownFileType = file.storyboard; name = Base; path = Base.lproj/Main.storyboard; sourceTree = "<group>"; };
		B913CE941F00A4AF00916D40 /* Assets.xcassets */ = {isa = PBXFileReference; lastKnownFileType = folder.assetcatalog; path = Assets.xcassets; sourceTree = "<group>"; };
		B913CE971F00A4AF00916D40 /* Base */ = {isa = PBXFileReference; lastKnownFileType = file.storyboard; name = Base; path = Base.lproj/LaunchScreen.storyboard; sourceTree = "<group>"; };
		B913CE991F00A4AF00916D40 /* Info.plist */ = {isa = PBXFileReference; lastKnownFileType = text.plist.xml; path = Info.plist; sourceTree = "<group>"; };
		B913CE9E1F00A4AF00916D40 /* DuyogTests.xctest */ = {isa = PBXFileReference; explicitFileType = wrapper.cfbundle; includeInIndex = 0; path = DuyogTests.xctest; sourceTree = BUILT_PRODUCTS_DIR; };
		B913CEA21F00A4AF00916D40 /* DuyogTests.swift */ = {isa = PBXFileReference; lastKnownFileType = sourcecode.swift; path = DuyogTests.swift; sourceTree = "<group>"; };
		B913CEA41F00A4AF00916D40 /* Info.plist */ = {isa = PBXFileReference; lastKnownFileType = text.plist.xml; path = Info.plist; sourceTree = "<group>"; };
		B913CEA91F00A4AF00916D40 /* DuyogUITests.xctest */ = {isa = PBXFileReference; explicitFileType = wrapper.cfbundle; includeInIndex = 0; path = DuyogUITests.xctest; sourceTree = BUILT_PRODUCTS_DIR; };
		B913CEAD1F00A4AF00916D40 /* DuyogUITests.swift */ = {isa = PBXFileReference; lastKnownFileType = sourcecode.swift; path = DuyogUITests.swift; sourceTree = "<group>"; };
		B913CEAF1F00A4AF00916D40 /* Info.plist */ = {isa = PBXFileReference; lastKnownFileType = text.plist.xml; path = Info.plist; sourceTree = "<group>"; };
		B95C9E3F1F01F76A00A5D6CB /* InitialViewController.swift */ = {isa = PBXFileReference; fileEncoding = 4; lastKnownFileType = sourcecode.swift; path = InitialViewController.swift; sourceTree = "<group>"; };
		B95C9E411F01F9DC00A5D6CB /* SignInInputView.swift */ = {isa = PBXFileReference; fileEncoding = 4; lastKnownFileType = sourcecode.swift; path = SignInInputView.swift; sourceTree = "<group>"; };
		B95C9E431F02003E00A5D6CB /* SignUpInputView.swift */ = {isa = PBXFileReference; fileEncoding = 4; lastKnownFileType = sourcecode.swift; path = SignUpInputView.swift; sourceTree = "<group>"; };
		B95C9E451F02034000A5D6CB /* PasswordResetInputView.swift */ = {isa = PBXFileReference; fileEncoding = 4; lastKnownFileType = sourcecode.swift; path = PasswordResetInputView.swift; sourceTree = "<group>"; };
		B95C9E471F020B7600A5D6CB /* InitialAnimator.swift */ = {isa = PBXFileReference; fileEncoding = 4; lastKnownFileType = sourcecode.swift; path = InitialAnimator.swift; sourceTree = "<group>"; };
		B95C9E491F021DF800A5D6CB /* KeyboardObserverProtocol.swift */ = {isa = PBXFileReference; fileEncoding = 4; lastKnownFileType = sourcecode.swift; path = KeyboardObserverProtocol.swift; sourceTree = "<group>"; };
		B95C9E4B1F022DC100A5D6CB /* InitialKeyboardObserverHandler.swift */ = {isa = PBXFileReference; fileEncoding = 4; lastKnownFileType = sourcecode.swift; path = InitialKeyboardObserverHandler.swift; sourceTree = "<group>"; };
		B96CA5101F00AA65007422A7 /* AppDelegate.swift */ = {isa = PBXFileReference; fileEncoding = 4; lastKnownFileType = sourcecode.swift; path = AppDelegate.swift; sourceTree = "<group>"; };
		B96CA5161F00AAF5007422A7 /* SignInViewController.swift */ = {isa = PBXFileReference; fileEncoding = 4; lastKnownFileType = sourcecode.swift; path = SignInViewController.swift; sourceTree = "<group>"; };
		B96CA5191F00AF4E007422A7 /* UITheme.swift */ = {isa = PBXFileReference; fileEncoding = 4; lastKnownFileType = sourcecode.swift; path = UITheme.swift; sourceTree = "<group>"; };
		B96CA51B1F00B5B7007422A7 /* GradientView.swift */ = {isa = PBXFileReference; fileEncoding = 4; lastKnownFileType = sourcecode.swift; path = GradientView.swift; sourceTree = "<group>"; };
		B96CA51E1F00D30F007422A7 /* OpenSans-Bold.ttf */ = {isa = PBXFileReference; lastKnownFileType = file; path = "OpenSans-Bold.ttf"; sourceTree = "<group>"; };
		B96CA51F1F00D30F007422A7 /* OpenSans-BoldItalic.ttf */ = {isa = PBXFileReference; lastKnownFileType = file; path = "OpenSans-BoldItalic.ttf"; sourceTree = "<group>"; };
		B96CA5201F00D30F007422A7 /* OpenSans-ExtraBold.ttf */ = {isa = PBXFileReference; lastKnownFileType = file; path = "OpenSans-ExtraBold.ttf"; sourceTree = "<group>"; };
		B96CA5211F00D30F007422A7 /* OpenSans-ExtraBoldItalic.ttf */ = {isa = PBXFileReference; lastKnownFileType = file; path = "OpenSans-ExtraBoldItalic.ttf"; sourceTree = "<group>"; };
		B96CA5221F00D30F007422A7 /* OpenSans-Italic.ttf */ = {isa = PBXFileReference; lastKnownFileType = file; path = "OpenSans-Italic.ttf"; sourceTree = "<group>"; };
		B96CA5231F00D30F007422A7 /* OpenSans-Light.ttf */ = {isa = PBXFileReference; lastKnownFileType = file; path = "OpenSans-Light.ttf"; sourceTree = "<group>"; };
		B96CA5241F00D30F007422A7 /* OpenSans-LightItalic.ttf */ = {isa = PBXFileReference; lastKnownFileType = file; path = "OpenSans-LightItalic.ttf"; sourceTree = "<group>"; };
		B96CA5251F00D30F007422A7 /* OpenSans-Regular.ttf */ = {isa = PBXFileReference; lastKnownFileType = file; path = "OpenSans-Regular.ttf"; sourceTree = "<group>"; };
		B96CA5261F00D30F007422A7 /* OpenSans-Semibold.ttf */ = {isa = PBXFileReference; lastKnownFileType = file; path = "OpenSans-Semibold.ttf"; sourceTree = "<group>"; };
		B96CA5271F00D30F007422A7 /* OpenSans-SemiboldItalic.ttf */ = {isa = PBXFileReference; lastKnownFileType = file; path = "OpenSans-SemiboldItalic.ttf"; sourceTree = "<group>"; };
		B96CA5331F00EB38007422A7 /* SignUpViewController.swift */ = {isa = PBXFileReference; fileEncoding = 4; lastKnownFileType = sourcecode.swift; path = SignUpViewController.swift; sourceTree = "<group>"; };
		B96CA5361F00F01A007422A7 /* PasswordResetViewController.swift */ = {isa = PBXFileReference; fileEncoding = 4; lastKnownFileType = sourcecode.swift; path = PasswordResetViewController.swift; sourceTree = "<group>"; };
/* End PBXFileReference section */

/* Begin PBXFrameworksBuildPhase section */
		B913CE871F00A4AF00916D40 /* Frameworks */ = {
			isa = PBXFrameworksBuildPhase;
			buildActionMask = 2147483647;
			files = (
			);
			runOnlyForDeploymentPostprocessing = 0;
		};
		B913CE9B1F00A4AF00916D40 /* Frameworks */ = {
			isa = PBXFrameworksBuildPhase;
			buildActionMask = 2147483647;
			files = (
			);
			runOnlyForDeploymentPostprocessing = 0;
		};
		B913CEA61F00A4AF00916D40 /* Frameworks */ = {
			isa = PBXFrameworksBuildPhase;
			buildActionMask = 2147483647;
			files = (
			);
			runOnlyForDeploymentPostprocessing = 0;
		};
/* End PBXFrameworksBuildPhase section */

/* Begin PBXGroup section */
		B91232041F036F2E0021A078 /* Home */ = {
			isa = PBXGroup;
			children = (
				B91232071F038DAA0021A078 /* HomeHeader.swift */,
				B91232051F036F3D0021A078 /* HomeViewController.swift */,
			);
			path = Home;
			sourceTree = "<group>";
		};
		B913CE811F00A4AF00916D40 = {
			isa = PBXGroup;
			children = (
				B913CE8C1F00A4AF00916D40 /* Duyog */,
				B913CEA11F00A4AF00916D40 /* DuyogTests */,
				B913CEAC1F00A4AF00916D40 /* DuyogUITests */,
				B913CE8B1F00A4AF00916D40 /* Products */,
			);
			sourceTree = "<group>";
		};
		B913CE8B1F00A4AF00916D40 /* Products */ = {
			isa = PBXGroup;
			children = (
				B913CE8A1F00A4AF00916D40 /* Duyog.app */,
				B913CE9E1F00A4AF00916D40 /* DuyogTests.xctest */,
				B913CEA91F00A4AF00916D40 /* DuyogUITests.xctest */,
			);
			name = Products;
			sourceTree = "<group>";
		};
		B913CE8C1F00A4AF00916D40 /* Duyog */ = {
			isa = PBXGroup;
			children = (
				B913CE991F00A4AF00916D40 /* Info.plist */,
				B96CA50B1F00A9CA007422A7 /* Resources */,
				B96CA50E1F00AA65007422A7 /* Source */,
			);
			path = Duyog;
			sourceTree = "<group>";
		};
		B913CEA11F00A4AF00916D40 /* DuyogTests */ = {
			isa = PBXGroup;
			children = (
				B913CEA21F00A4AF00916D40 /* DuyogTests.swift */,
				B913CEA41F00A4AF00916D40 /* Info.plist */,
			);
			path = DuyogTests;
			sourceTree = "<group>";
		};
		B913CEAC1F00A4AF00916D40 /* DuyogUITests */ = {
			isa = PBXGroup;
			children = (
				B913CEAD1F00A4AF00916D40 /* DuyogUITests.swift */,
				B913CEAF1F00A4AF00916D40 /* Info.plist */,
			);
			path = DuyogUITests;
			sourceTree = "<group>";
		};
		B95C9E3E1F01F76200A5D6CB /* Initial */ = {
			isa = PBXGroup;
			children = (
				B95C9E471F020B7600A5D6CB /* InitialAnimator.swift */,
				B95C9E4B1F022DC100A5D6CB /* InitialKeyboardObserverHandler.swift */,
				B95C9E3F1F01F76A00A5D6CB /* InitialViewController.swift */,
				B95C9E451F02034000A5D6CB /* PasswordResetInputView.swift */,
				B95C9E411F01F9DC00A5D6CB /* SignInInputView.swift */,
				B95C9E431F02003E00A5D6CB /* SignUpInputView.swift */,
			);
			path = Initial;
			sourceTree = "<group>";
		};
		B96CA50B1F00A9CA007422A7 /* Resources */ = {
			isa = PBXGroup;
			children = (
				B913CE941F00A4AF00916D40 /* Assets.xcassets */,
				B96CA51D1F00D30F007422A7 /* Fonts */,
				B913CE961F00A4AF00916D40 /* LaunchScreen.storyboard */,
				B913CE911F00A4AF00916D40 /* Main.storyboard */,
			);
			name = Resources;
			sourceTree = "<group>";
		};
		B96CA50E1F00AA65007422A7 /* Source */ = {
			isa = PBXGroup;
			children = (
				B96CA50F1F00AA65007422A7 /* Application */,
				B96CA5181F00AF36007422A7 /* Helpers */,
				B96CA5141F00AADD007422A7 /* Modules */,
			);
			path = Source;
			sourceTree = "<group>";
		};
		B96CA50F1F00AA65007422A7 /* Application */ = {
			isa = PBXGroup;
			children = (
				B96CA5101F00AA65007422A7 /* AppDelegate.swift */,
			);
			path = Application;
			sourceTree = "<group>";
		};
		B96CA5141F00AADD007422A7 /* Modules */ = {
			isa = PBXGroup;
			children = (
				B91232041F036F2E0021A078 /* Home */,
				B95C9E3E1F01F76200A5D6CB /* Initial */,
				B96CA5351F00F00E007422A7 /* PasswordReset */,
				B96CA5151F00AADD007422A7 /* SignIn */,
				B96CA5321F00EB22007422A7 /* SignUp */,
			);
			path = Modules;
			sourceTree = "<group>";
		};
		B96CA5151F00AADD007422A7 /* SignIn */ = {
			isa = PBXGroup;
			children = (
				B96CA5161F00AAF5007422A7 /* SignInViewController.swift */,
			);
			path = SignIn;
			sourceTree = "<group>";
		};
		B96CA5181F00AF36007422A7 /* Helpers */ = {
			isa = PBXGroup;
			children = (
				B96CA5191F00AF4E007422A7 /* UITheme.swift */,
				B96CA51B1F00B5B7007422A7 /* GradientView.swift */,
				B95C9E491F021DF800A5D6CB /* KeyboardObserverProtocol.swift */,
			);
			path = Helpers;
			sourceTree = "<group>";
		};
		B96CA51D1F00D30F007422A7 /* Fonts */ = {
			isa = PBXGroup;
			children = (
				B96CA51E1F00D30F007422A7 /* OpenSans-Bold.ttf */,
				B96CA51F1F00D30F007422A7 /* OpenSans-BoldItalic.ttf */,
				B96CA5201F00D30F007422A7 /* OpenSans-ExtraBold.ttf */,
				B96CA5211F00D30F007422A7 /* OpenSans-ExtraBoldItalic.ttf */,
				B96CA5221F00D30F007422A7 /* OpenSans-Italic.ttf */,
				B96CA5231F00D30F007422A7 /* OpenSans-Light.ttf */,
				B96CA5241F00D30F007422A7 /* OpenSans-LightItalic.ttf */,
				B96CA5251F00D30F007422A7 /* OpenSans-Regular.ttf */,
				B96CA5261F00D30F007422A7 /* OpenSans-Semibold.ttf */,
				B96CA5271F00D30F007422A7 /* OpenSans-SemiboldItalic.ttf */,
			);
			path = Fonts;
			sourceTree = "<group>";
		};
		B96CA5321F00EB22007422A7 /* SignUp */ = {
			isa = PBXGroup;
			children = (
				B96CA5331F00EB38007422A7 /* SignUpViewController.swift */,
			);
			path = SignUp;
			sourceTree = "<group>";
		};
		B96CA5351F00F00E007422A7 /* PasswordReset */ = {
			isa = PBXGroup;
			children = (
				B96CA5361F00F01A007422A7 /* PasswordResetViewController.swift */,
			);
			path = PasswordReset;
			sourceTree = "<group>";
		};
/* End PBXGroup section */

/* Begin PBXNativeTarget section */
		B913CE891F00A4AF00916D40 /* Duyog */ = {
			isa = PBXNativeTarget;
			buildConfigurationList = B913CEB21F00A4AF00916D40 /* Build configuration list for PBXNativeTarget "Duyog" */;
			buildPhases = (
				B913CE861F00A4AF00916D40 /* Sources */,
				B913CE871F00A4AF00916D40 /* Frameworks */,
				B913CE881F00A4AF00916D40 /* Resources */,
			);
			buildRules = (
			);
			dependencies = (
			);
			name = Duyog;
			productName = Duyog;
			productReference = B913CE8A1F00A4AF00916D40 /* Duyog.app */;
			productType = "com.apple.product-type.application";
		};
		B913CE9D1F00A4AF00916D40 /* DuyogTests */ = {
			isa = PBXNativeTarget;
			buildConfigurationList = B913CEB51F00A4AF00916D40 /* Build configuration list for PBXNativeTarget "DuyogTests" */;
			buildPhases = (
				B913CE9A1F00A4AF00916D40 /* Sources */,
				B913CE9B1F00A4AF00916D40 /* Frameworks */,
				B913CE9C1F00A4AF00916D40 /* Resources */,
			);
			buildRules = (
			);
			dependencies = (
				B913CEA01F00A4AF00916D40 /* PBXTargetDependency */,
			);
			name = DuyogTests;
			productName = DuyogTests;
			productReference = B913CE9E1F00A4AF00916D40 /* DuyogTests.xctest */;
			productType = "com.apple.product-type.bundle.unit-test";
		};
		B913CEA81F00A4AF00916D40 /* DuyogUITests */ = {
			isa = PBXNativeTarget;
			buildConfigurationList = B913CEB81F00A4AF00916D40 /* Build configuration list for PBXNativeTarget "DuyogUITests" */;
			buildPhases = (
				B913CEA51F00A4AF00916D40 /* Sources */,
				B913CEA61F00A4AF00916D40 /* Frameworks */,
				B913CEA71F00A4AF00916D40 /* Resources */,
			);
			buildRules = (
			);
			dependencies = (
				B913CEAB1F00A4AF00916D40 /* PBXTargetDependency */,
			);
			name = DuyogUITests;
			productName = DuyogUITests;
			productReference = B913CEA91F00A4AF00916D40 /* DuyogUITests.xctest */;
			productType = "com.apple.product-type.bundle.ui-testing";
		};
/* End PBXNativeTarget section */

/* Begin PBXProject section */
		B913CE821F00A4AF00916D40 /* Project object */ = {
			isa = PBXProject;
			attributes = {
				LastSwiftUpdateCheck = 0800;
				LastUpgradeCheck = 0800;
				ORGANIZATIONNAME = Ner;
				TargetAttributes = {
					B913CE891F00A4AF00916D40 = {
						CreatedOnToolsVersion = 8.0;
						DevelopmentTeam = 4WBRGV5Z9M;
						ProvisioningStyle = Automatic;
					};
					B913CE9D1F00A4AF00916D40 = {
						CreatedOnToolsVersion = 8.0;
						DevelopmentTeam = 4WBRGV5Z9M;
						ProvisioningStyle = Automatic;
						TestTargetID = B913CE891F00A4AF00916D40;
					};
					B913CEA81F00A4AF00916D40 = {
						CreatedOnToolsVersion = 8.0;
						DevelopmentTeam = 4WBRGV5Z9M;
						ProvisioningStyle = Automatic;
						TestTargetID = B913CE891F00A4AF00916D40;
					};
				};
			};
			buildConfigurationList = B913CE851F00A4AF00916D40 /* Build configuration list for PBXProject "Duyog" */;
			compatibilityVersion = "Xcode 3.2";
			developmentRegion = English;
			hasScannedForEncodings = 0;
			knownRegions = (
				en,
				Base,
			);
			mainGroup = B913CE811F00A4AF00916D40;
			productRefGroup = B913CE8B1F00A4AF00916D40 /* Products */;
			projectDirPath = "";
			projectRoot = "";
			targets = (
				B913CE891F00A4AF00916D40 /* Duyog */,
				B913CE9D1F00A4AF00916D40 /* DuyogTests */,
				B913CEA81F00A4AF00916D40 /* DuyogUITests */,
			);
		};
/* End PBXProject section */

/* Begin PBXResourcesBuildPhase section */
		B913CE881F00A4AF00916D40 /* Resources */ = {
			isa = PBXResourcesBuildPhase;
			buildActionMask = 2147483647;
			files = (
				B96CA5301F00D30F007422A7 /* OpenSans-Semibold.ttf in Resources */,
				B96CA5311F00D30F007422A7 /* OpenSans-SemiboldItalic.ttf in Resources */,
				B913CE981F00A4AF00916D40 /* LaunchScreen.storyboard in Resources */,
				B96CA52F1F00D30F007422A7 /* OpenSans-Regular.ttf in Resources */,
				B96CA52C1F00D30F007422A7 /* OpenSans-Italic.ttf in Resources */,
				B96CA52B1F00D30F007422A7 /* OpenSans-ExtraBoldItalic.ttf in Resources */,
				B913CE951F00A4AF00916D40 /* Assets.xcassets in Resources */,
				B96CA52E1F00D30F007422A7 /* OpenSans-LightItalic.ttf in Resources */,
				B96CA5281F00D30F007422A7 /* OpenSans-Bold.ttf in Resources */,
				B913CE931F00A4AF00916D40 /* Main.storyboard in Resources */,
				B96CA52D1F00D30F007422A7 /* OpenSans-Light.ttf in Resources */,
				B96CA5291F00D30F007422A7 /* OpenSans-BoldItalic.ttf in Resources */,
				B96CA52A1F00D30F007422A7 /* OpenSans-ExtraBold.ttf in Resources */,
			);
			runOnlyForDeploymentPostprocessing = 0;
		};
		B913CE9C1F00A4AF00916D40 /* Resources */ = {
			isa = PBXResourcesBuildPhase;
			buildActionMask = 2147483647;
			files = (
			);
			runOnlyForDeploymentPostprocessing = 0;
		};
		B913CEA71F00A4AF00916D40 /* Resources */ = {
			isa = PBXResourcesBuildPhase;
			buildActionMask = 2147483647;
			files = (
			);
			runOnlyForDeploymentPostprocessing = 0;
		};
/* End PBXResourcesBuildPhase section */

/* Begin PBXSourcesBuildPhase section */
		B913CE861F00A4AF00916D40 /* Sources */ = {
			isa = PBXSourcesBuildPhase;
			buildActionMask = 2147483647;
			files = (
				B95C9E4A1F021DF800A5D6CB /* KeyboardObserverProtocol.swift in Sources */,
				B95C9E4C1F022DC100A5D6CB /* InitialKeyboardObserverHandler.swift in Sources */,
				B96CA51A1F00AF4E007422A7 /* UITheme.swift in Sources */,
				B95C9E481F020B7600A5D6CB /* InitialAnimator.swift in Sources */,
				B95C9E401F01F76A00A5D6CB /* InitialViewController.swift in Sources */,
				B91232061F036F3D0021A078 /* HomeViewController.swift in Sources */,
				B96CA5371F00F01A007422A7 /* PasswordResetViewController.swift in Sources */,
				B95C9E441F02003E00A5D6CB /* SignUpInputView.swift in Sources */,
				B95C9E421F01F9DC00A5D6CB /* SignInInputView.swift in Sources */,
				B96CA5171F00AAF5007422A7 /* SignInViewController.swift in Sources */,
				B95C9E461F02034000A5D6CB /* PasswordResetInputView.swift in Sources */,
				B96CA51C1F00B5B7007422A7 /* GradientView.swift in Sources */,
				B96CA5111F00AA65007422A7 /* AppDelegate.swift in Sources */,
				B96CA5341F00EB38007422A7 /* SignUpViewController.swift in Sources */,
				B91232081F038DAA0021A078 /* HomeHeader.swift in Sources */,
			);
			runOnlyForDeploymentPostprocessing = 0;
		};
		B913CE9A1F00A4AF00916D40 /* Sources */ = {
			isa = PBXSourcesBuildPhase;
			buildActionMask = 2147483647;
			files = (
				B913CEA31F00A4AF00916D40 /* DuyogTests.swift in Sources */,
			);
			runOnlyForDeploymentPostprocessing = 0;
		};
		B913CEA51F00A4AF00916D40 /* Sources */ = {
			isa = PBXSourcesBuildPhase;
			buildActionMask = 2147483647;
			files = (
				B913CEAE1F00A4AF00916D40 /* DuyogUITests.swift in Sources */,
			);
			runOnlyForDeploymentPostprocessing = 0;
		};
/* End PBXSourcesBuildPhase section */

/* Begin PBXTargetDependency section */
		B913CEA01F00A4AF00916D40 /* PBXTargetDependency */ = {
			isa = PBXTargetDependency;
			target = B913CE891F00A4AF00916D40 /* Duyog */;
			targetProxy = B913CE9F1F00A4AF00916D40 /* PBXContainerItemProxy */;
		};
		B913CEAB1F00A4AF00916D40 /* PBXTargetDependency */ = {
			isa = PBXTargetDependency;
			target = B913CE891F00A4AF00916D40 /* Duyog */;
			targetProxy = B913CEAA1F00A4AF00916D40 /* PBXContainerItemProxy */;
		};
/* End PBXTargetDependency section */

/* Begin PBXVariantGroup section */
		B913CE911F00A4AF00916D40 /* Main.storyboard */ = {
			isa = PBXVariantGroup;
			children = (
				B913CE921F00A4AF00916D40 /* Base */,
			);
			name = Main.storyboard;
			sourceTree = "<group>";
		};
		B913CE961F00A4AF00916D40 /* LaunchScreen.storyboard */ = {
			isa = PBXVariantGroup;
			children = (
				B913CE971F00A4AF00916D40 /* Base */,
			);
			name = LaunchScreen.storyboard;
			sourceTree = "<group>";
		};
/* End PBXVariantGroup section */

/* Begin XCBuildConfiguration section */
		B913CEB01F00A4AF00916D40 /* Debug */ = {
			isa = XCBuildConfiguration;
			buildSettings = {
				ALWAYS_SEARCH_USER_PATHS = NO;
				CLANG_ANALYZER_NONNULL = YES;
				CLANG_CXX_LANGUAGE_STANDARD = "gnu++0x";
				CLANG_CXX_LIBRARY = "libc++";
				CLANG_ENABLE_MODULES = YES;
				CLANG_ENABLE_OBJC_ARC = YES;
				CLANG_WARN_BOOL_CONVERSION = YES;
				CLANG_WARN_CONSTANT_CONVERSION = YES;
				CLANG_WARN_DIRECT_OBJC_ISA_USAGE = YES_ERROR;
				CLANG_WARN_DOCUMENTATION_COMMENTS = YES;
				CLANG_WARN_EMPTY_BODY = YES;
				CLANG_WARN_ENUM_CONVERSION = YES;
				CLANG_WARN_INFINITE_RECURSION = YES;
				CLANG_WARN_INT_CONVERSION = YES;
				CLANG_WARN_OBJC_ROOT_CLASS = YES_ERROR;
				CLANG_WARN_SUSPICIOUS_MOVES = YES;
				CLANG_WARN_UNREACHABLE_CODE = YES;
				CLANG_WARN__DUPLICATE_METHOD_MATCH = YES;
				"CODE_SIGN_IDENTITY[sdk=iphoneos*]" = "iPhone Developer";
				COPY_PHASE_STRIP = NO;
				DEBUG_INFORMATION_FORMAT = dwarf;
				ENABLE_STRICT_OBJC_MSGSEND = YES;
				ENABLE_TESTABILITY = YES;
				GCC_C_LANGUAGE_STANDARD = gnu99;
				GCC_DYNAMIC_NO_PIC = NO;
				GCC_NO_COMMON_BLOCKS = YES;
				GCC_OPTIMIZATION_LEVEL = 0;
				GCC_PREPROCESSOR_DEFINITIONS = (
					"DEBUG=1",
					"$(inherited)",
				);
				GCC_WARN_64_TO_32_BIT_CONVERSION = YES;
				GCC_WARN_ABOUT_RETURN_TYPE = YES_ERROR;
				GCC_WARN_UNDECLARED_SELECTOR = YES;
				GCC_WARN_UNINITIALIZED_AUTOS = YES_AGGRESSIVE;
				GCC_WARN_UNUSED_FUNCTION = YES;
				GCC_WARN_UNUSED_VARIABLE = YES;
				IPHONEOS_DEPLOYMENT_TARGET = 10.0;
				MTL_ENABLE_DEBUG_INFO = YES;
				ONLY_ACTIVE_ARCH = YES;
				SDKROOT = iphoneos;
				SWIFT_ACTIVE_COMPILATION_CONDITIONS = DEBUG;
				SWIFT_OPTIMIZATION_LEVEL = "-Onone";
				TARGETED_DEVICE_FAMILY = "1,2";
			};
			name = Debug;
		};
		B913CEB11F00A4AF00916D40 /* Release */ = {
			isa = XCBuildConfiguration;
			buildSettings = {
				ALWAYS_SEARCH_USER_PATHS = NO;
				CLANG_ANALYZER_NONNULL = YES;
				CLANG_CXX_LANGUAGE_STANDARD = "gnu++0x";
				CLANG_CXX_LIBRARY = "libc++";
				CLANG_ENABLE_MODULES = YES;
				CLANG_ENABLE_OBJC_ARC = YES;
				CLANG_WARN_BOOL_CONVERSION = YES;
				CLANG_WARN_CONSTANT_CONVERSION = YES;
				CLANG_WARN_DIRECT_OBJC_ISA_USAGE = YES_ERROR;
				CLANG_WARN_DOCUMENTATION_COMMENTS = YES;
				CLANG_WARN_EMPTY_BODY = YES;
				CLANG_WARN_ENUM_CONVERSION = YES;
				CLANG_WARN_INFINITE_RECURSION = YES;
				CLANG_WARN_INT_CONVERSION = YES;
				CLANG_WARN_OBJC_ROOT_CLASS = YES_ERROR;
				CLANG_WARN_SUSPICIOUS_MOVES = YES;
				CLANG_WARN_UNREACHABLE_CODE = YES;
				CLANG_WARN__DUPLICATE_METHOD_MATCH = YES;
				"CODE_SIGN_IDENTITY[sdk=iphoneos*]" = "iPhone Developer";
				COPY_PHASE_STRIP = NO;
				DEBUG_INFORMATION_FORMAT = "dwarf-with-dsym";
				ENABLE_NS_ASSERTIONS = NO;
				ENABLE_STRICT_OBJC_MSGSEND = YES;
				GCC_C_LANGUAGE_STANDARD = gnu99;
				GCC_NO_COMMON_BLOCKS = YES;
				GCC_WARN_64_TO_32_BIT_CONVERSION = YES;
				GCC_WARN_ABOUT_RETURN_TYPE = YES_ERROR;
				GCC_WARN_UNDECLARED_SELECTOR = YES;
				GCC_WARN_UNINITIALIZED_AUTOS = YES_AGGRESSIVE;
				GCC_WARN_UNUSED_FUNCTION = YES;
				GCC_WARN_UNUSED_VARIABLE = YES;
				IPHONEOS_DEPLOYMENT_TARGET = 10.0;
				MTL_ENABLE_DEBUG_INFO = NO;
				SDKROOT = iphoneos;
				SWIFT_OPTIMIZATION_LEVEL = "-Owholemodule";
				TARGETED_DEVICE_FAMILY = "1,2";
				VALIDATE_PRODUCT = YES;
			};
			name = Release;
		};
		B913CEB31F00A4AF00916D40 /* Debug */ = {
			isa = XCBuildConfiguration;
			buildSettings = {
				ASSETCATALOG_COMPILER_APPICON_NAME = AppIcon;
				DEVELOPMENT_TEAM = 4WBRGV5Z9M;
				INFOPLIST_FILE = Duyog/Info.plist;
				LD_RUNPATH_SEARCH_PATHS = "$(inherited) @executable_path/Frameworks";
				PRODUCT_BUNDLE_IDENTIFIER = com.ner.Duyog;
				PRODUCT_NAME = "$(TARGET_NAME)";
				SWIFT_VERSION = 3.0;
			};
			name = Debug;
		};
		B913CEB41F00A4AF00916D40 /* Release */ = {
			isa = XCBuildConfiguration;
			buildSettings = {
				ASSETCATALOG_COMPILER_APPICON_NAME = AppIcon;
				DEVELOPMENT_TEAM = 4WBRGV5Z9M;
				INFOPLIST_FILE = Duyog/Info.plist;
				LD_RUNPATH_SEARCH_PATHS = "$(inherited) @executable_path/Frameworks";
				PRODUCT_BUNDLE_IDENTIFIER = com.ner.Duyog;
				PRODUCT_NAME = "$(TARGET_NAME)";
				SWIFT_VERSION = 3.0;
			};
			name = Release;
		};
		B913CEB61F00A4AF00916D40 /* Debug */ = {
			isa = XCBuildConfiguration;
			buildSettings = {
				ALWAYS_EMBED_SWIFT_STANDARD_LIBRARIES = YES;
				BUNDLE_LOADER = "$(TEST_HOST)";
				DEVELOPMENT_TEAM = 4WBRGV5Z9M;
				INFOPLIST_FILE = DuyogTests/Info.plist;
				LD_RUNPATH_SEARCH_PATHS = "$(inherited) @executable_path/Frameworks @loader_path/Frameworks";
				PRODUCT_BUNDLE_IDENTIFIER = com.ner.DuyogTests;
				PRODUCT_NAME = "$(TARGET_NAME)";
				SWIFT_VERSION = 3.0;
				TEST_HOST = "$(BUILT_PRODUCTS_DIR)/Duyog.app/Duyog";
			};
			name = Debug;
		};
		B913CEB71F00A4AF00916D40 /* Release */ = {
			isa = XCBuildConfiguration;
			buildSettings = {
				ALWAYS_EMBED_SWIFT_STANDARD_LIBRARIES = YES;
				BUNDLE_LOADER = "$(TEST_HOST)";
				DEVELOPMENT_TEAM = 4WBRGV5Z9M;
				INFOPLIST_FILE = DuyogTests/Info.plist;
				LD_RUNPATH_SEARCH_PATHS = "$(inherited) @executable_path/Frameworks @loader_path/Frameworks";
				PRODUCT_BUNDLE_IDENTIFIER = com.ner.DuyogTests;
				PRODUCT_NAME = "$(TARGET_NAME)";
				SWIFT_VERSION = 3.0;
				TEST_HOST = "$(BUILT_PRODUCTS_DIR)/Duyog.app/Duyog";
			};
			name = Release;
		};
		B913CEB91F00A4AF00916D40 /* Debug */ = {
			isa = XCBuildConfiguration;
			buildSettings = {
				ALWAYS_EMBED_SWIFT_STANDARD_LIBRARIES = YES;
				DEVELOPMENT_TEAM = 4WBRGV5Z9M;
				INFOPLIST_FILE = DuyogUITests/Info.plist;
				LD_RUNPATH_SEARCH_PATHS = "$(inherited) @executable_path/Frameworks @loader_path/Frameworks";
				PRODUCT_BUNDLE_IDENTIFIER = com.ner.DuyogUITests;
				PRODUCT_NAME = "$(TARGET_NAME)";
				SWIFT_VERSION = 3.0;
				TEST_TARGET_NAME = Duyog;
			};
			name = Debug;
		};
		B913CEBA1F00A4AF00916D40 /* Release */ = {
			isa = XCBuildConfiguration;
			buildSettings = {
				ALWAYS_EMBED_SWIFT_STANDARD_LIBRARIES = YES;
				DEVELOPMENT_TEAM = 4WBRGV5Z9M;
				INFOPLIST_FILE = DuyogUITests/Info.plist;
				LD_RUNPATH_SEARCH_PATHS = "$(inherited) @executable_path/Frameworks @loader_path/Frameworks";
				PRODUCT_BUNDLE_IDENTIFIER = com.ner.DuyogUITests;
				PRODUCT_NAME = "$(TARGET_NAME)";
				SWIFT_VERSION = 3.0;
				TEST_TARGET_NAME = Duyog;
			};
			name = Release;
		};
/* End XCBuildConfiguration section */

/* Begin XCConfigurationList section */
		B913CE851F00A4AF00916D40 /* Build configuration list for PBXProject "Duyog" */ = {
			isa = XCConfigurationList;
			buildConfigurations = (
				B913CEB01F00A4AF00916D40 /* Debug */,
				B913CEB11F00A4AF00916D40 /* Release */,
			);
			defaultConfigurationIsVisible = 0;
			defaultConfigurationName = Release;
		};
		B913CEB21F00A4AF00916D40 /* Build configuration list for PBXNativeTarget "Duyog" */ = {
			isa = XCConfigurationList;
			buildConfigurations = (
				B913CEB31F00A4AF00916D40 /* Debug */,
				B913CEB41F00A4AF00916D40 /* Release */,
			);
			defaultConfigurationIsVisible = 0;
			defaultConfigurationName = Release;
		};
		B913CEB51F00A4AF00916D40 /* Build configuration list for PBXNativeTarget "DuyogTests" */ = {
			isa = XCConfigurationList;
			buildConfigurations = (
				B913CEB61F00A4AF00916D40 /* Debug */,
				B913CEB71F00A4AF00916D40 /* Release */,
			);
			defaultConfigurationIsVisible = 0;
			defaultConfigurationName = Release;
		};
		B913CEB81F00A4AF00916D40 /* Build configuration list for PBXNativeTarget "DuyogUITests" */ = {
			isa = XCConfigurationList;
			buildConfigurations = (
				B913CEB91F00A4AF00916D40 /* Debug */,
				B913CEBA1F00A4AF00916D40 /* Release */,
			);
			defaultConfigurationIsVisible = 0;
			defaultConfigurationName = Release;
		};
/* End XCConfigurationList section */
	};
	rootObject = B913CE821F00A4AF00916D40 /* Project object */;
}
